{
    "_meta": {
        "hash": {
            "sha256": "cfbba9b824f19bafbf42b4a3a78ddccfbffae56ea5cf5b648113f00ae8561ed9"
        },
        "pipfile-spec": 6,
        "requires": {
            "python_version": "3.14"
        },
        "sources": [
            {
                "name": "pypi",
                "url": "https://pypi.org/simple",
                "verify_ssl": true
            }
        ]
    },
    "default": {
        "asgiref": {
            "hashes": [
                "sha256:59dcb51c272ad209d59bed5708a64a333083e86017d7fcdd67498eeab7784340",
                "sha256:fe386d1c2bff7259ea95929266d12a8cf9a8b5a1c2598402967d8792e7a7c094"
            ],
            "markers": "python_version >= '3.10'",
            "version": "==3.12.1"
        },
        "django": {
            "hashes": [
                "sha256:585fb82bf15053c42cf52e67c2f1b54a032dca384759315fd6678ab1870d1d72",
                "sha256:7ab93536d8e677aa14554c56426290c69480bf2ee68d7513d4a22f57d6bfeb84"
            ],
            "index": "pypi",
            "markers": "python_version >= '3.12'",
            "version": "==6.1.1"
        },
        "mssql-django": {
            "hashes": [
                "sha256:023a3d55a85d1d0d9f38d731182c35c2fecbf6bdc7b2464ed7ebf29c9e7bbdb2",
                "sha256:1e97e303477ea228454e76514e544081d6041a5a4383f0c40a9313549d4724f2"
            ],
            "index": "pypi",
            "version": "==1.8.0"
        },
        "numpy": {
            "hashes": [
                "sha256:07077278157d02f65c43b1b26a3886bce886f95d20aabd11f87932750dfb14ed",
                "sha256:08f2e31ed5e6f04b118e49821397f12767934cfdd12a1ce86a058f91e004ee50",
                "sha256:0aec54fd785890ecca25a6003fd9a5aed47ad607bbac5cd64f836ad8666f4959",
                "sha256:0d35aea54ad1d420c812bfa0385c71cd7cc5bcf7c65fed95fc2cd02fe8c79827",
                "sha256:0d4e437e295f18ec29bc79daf55e8a47a9113df44d66f702f02a293d93a2d6dd",
                "sha256:0dfd3f9d3adbe2920b68b5cd3d51444e13a10792ec7154cd0a2f6e74d4ab3233",
                "sha256:1378871da56ca8943c2ba674530924bb8ca40cd228358a3b5f302ad60cf875fc",
                "sha256:15716cfef24d3a9762e3acdf87e27f58dc823d1348f765bbea6bef8c639bfa1b",
                "sha256:19710a9ca9992d7174e9c52f643d4272dcd1558c5f7af7f6f8190f633bd651a7",
                "sha256:23cbfd4c17357c81021f21540da84ee282b9c8fba38a03b7b9d09ba6b951421e",
                "sha256:2483e4584a1cb3092da4470b38866634bafb223cbcd551ee047633fd2584599a",
                "sha256:27a8d92cd10f1382a67d7cf4db7ce18341b66438bdd9f691d7b0e48d104c2a9d",
                "sha256:28a650663f7314afc3e6ec620f44f333c386aad9f6fc472030865dc0ebb26ee3",
                "sha256:2aa0613a5177c264ff5921051a5719d20095ea586ca88cc802c5c218d1c67d3e",
                "sha256:2c194dd721e54ecad9ad387c1d35e63dce5c4450c6dc7dd5611283dda239aabb",
                "sha256:2d19e6e2095506d1736b7d80595e0f252d76b89f5e715c35e06e937679ea7d7a",
                "sha256:2d390634c5182175533585cc89f3608a4682ccb173cc9bb940b2881c8d6f8fa0",
                "sha256:30caa73029a225b2d40d9fae193e008e24b2026b7ee1a867b7ee8d96ca1a448e",
                "sha256:42c16925aa5a02362f986765f9ebabf20de75cdefdca827d14315c568dcab113",
                "sha256:45dbed2ab436a9e826e302fcdcbe9133f9b0006e5af7168afb8963a6520da103",
                "sha256:4636de7fd195197b7535f231b5de9e4b36d2c440b6e566d2e4e4746e6af0ca93",
                "sha256:4a19d9dba1a76618dd86b164d608566f393f8ec6ac7c44f0cc879011c45e65af",
                "sha256:4bbc7f303d125971f60ec0aaad5e12c62d0d2c925f0ab1273debd0e4ba37aba5",
                "sha256:4d6d57903571f86180eb98f8f0c839fa9ebbfb031356d87f1361be91e433f5b7",
                "sha256:4e874c976154687c1f71715b034739b45c7711bec81db01914770373d125e392",
                "sha256:51fc224f7ca4d92656d5a5eb315f12eb5fe2c97a66249aa7b5f562528a3be38c",
                "sha256:58c8b5929fcb8287cbd6f0a3fae19c6e03a5c48402ae792962ac465224a629a4",
                "sha256:5a285b3b96f951841799528cd1f4f01cd70e7e0204b4abebac9463eecfcf2a40",
                "sha256:5c70f1cc1c4efbe316a572e2d8b9b9cc44e89b95f79ca3331553fbb63716e2bf",
                "sha256:62d6b0f03b694173f9fcb1fb317f7222fd0b0b103e784c6549f5e53a27718c44",
                "sha256:6a246d5914aa1c820c9443ddcee9c02bec3e203b0c080349533fae17727dfd1b",
                "sha256:6aa3236c78803afbcb255045fbef97a9e25a1f6c9888357d205ddc42f4d6eba5",
                "sha256:6bbe4eb67390b0a0265a2c25458f6b90a409d5d069f1041e6aff1e27e3d9a79e",
                "sha256:715d1c092715954784bc79e1174fc2a90093dc4dc84ea15eb14dad8abdcdeb74",
                "sha256:72944b19f2324114e9dc86a159787333b77874143efcf89a5167ef83cfee8af0",
                "sha256:81f4a14bee47aec54f883e0cad2d73986640c1590eb9bfaaba7ad17394481e6e",
                "sha256:846300f379b5b12cc769334464656bc882e0735d27d9726568bc932fdc49d5ec",
                "sha256:86b6f55f5a352b48d7fbfd2dbc3d5b780b2d79f4d3c121f33eb6efb22e9a2015",
                "sha256:874f200b2a981c647340f841730fc3a2b54c9d940566a3c4149099591e2c4c3d",
                "sha256:8a87ec22c87be071b6bdbd27920b129b94f2fc964358ce38f3822635a3e2e03d",
                "sha256:8b3b60bb7cba2c8c81837661c488637eee696f59a877788a396d33150c35d842",
                "sha256:8e3ed142f2728df44263aaf5fb1f5b0b99f4070c553a0d7f033be65338329150",
                "sha256:93e15038125dc1e5345d9b5b68aa7f996ec33b98118d18c6ca0d0b7d6198b7e8",
                "sha256:989824e9faf85f96ec9c7761cd8d29c531ad857bfa1daa930cba85baaecf1a9a",
                "sha256:99d838547ace2c4aace6c4f76e879ddfe02bb58a80c1549928477862b7a6d6ed",
                "sha256:9b2aec6af35c113b05695ebb5749a787acd63cafc83086a05771d1e1cd1e555f",
                "sha256:9c585a1790d5436a5374bac930dad6ed244c046ed91b2b2a3634eb2971d21008",
                "sha256:a7164afb23be6e37ad90b2f10426149fd75aee07ca55653d2aa41e66c4ef697e",
                "sha256:ac6b31e35612a26483e20750126d30d0941f949426974cace8e6b5c58a3657b0",
                "sha256:ad2e2ef14e0b04e544ea2fa0a36463f847f113d314aa02e5b402fdf910ef309e",
                "sha256:b268594bccac7d7cf5844c7732e3f20c50921d94e36d7ec9b79e9857694b1b2f",
                "sha256:b5f0362dc928a6ecd9db58868fca5e48485205e3855957bdedea308f8672ea4a",
                "sha256:ba1f4fc670ed79f876f70082eff4f9583c15fb9a4b89d6188412de4d18ae2f40",
                "sha256:ba203255017337d39f89bdd58417f03c4426f12beed0440cfd933cb15f8669c7",
                "sha256:c901b15172510173f5cb310eae652908340f8dede90fff9e3bf6c0d8dfd92f83",
                "sha256:c9b39d38a9bd2ae1becd7eac1303d031c5c110ad31f2b319c6e7d98b135c934d",
                "sha256:d2a8490669bfe99a233298348acc2d824d496dee0e66e31b66a6022c2ad74a5c",
                "sha256:dddbbd259598d7240b18c9d87c56a9d2fb3b02fe266f49a7c101532e78c1d871",
                "sha256:df3775294accfdd75f32c74ae39fcba920c9a378a2fc18a12b6820aa8c1fb502",
                "sha256:e44319a2953c738205bf3354537979eaa3998ed673395b964c1176083dd46252",
                "sha256:e4a010c27ff6f210ff4c6ef34394cd61470d01014439b192ec22552ee867f2a8",
                "sha256:e823b8b6edc81e747526f70f71a9c0a07ac4e7ad13020aa736bb7c9d67196115",
                "sha256:e892aff75639bbef0d2a2cfd55535510df26ff92f63c92cd84ef8d4ba5a5557f",
                "sha256:eea7ac5d2dce4189771cedb559c738a71512768210dc4e4753b107a2048b3d0e",
                "sha256:ef4059d6e5152fa1a39f888e344c73fdc926e1b2dd58c771d67b0acfbf2aa67d",
                "sha256:f169b9a863d34f5d11b8698ead99febeaa17a13ca044961aa8e2662a6c7766a0",
                "sha256:f2cf083b324a467e1ab358c105f6cad5ea950f50524668a80c486ff1db24e119",
                "sha256:f8474c4241bc18b750be2abea9d7a9ec84f46ef861dbacf86a4f6e043401f79e",
                "sha256:f983334aea213c99992053ede6168500e5f086ce74fbc4acc3f2b00f5762e9db",
                "sha256:f9e75681b59ddaa5e659898085ae0eaea229d054f2ac0c7e563a62205a700121",
                "sha256:fbc356aae7adf9e6336d336b9c8111d390a05df88f1805573ebb0807bd06fd1d",
                "sha256:fcfe2045fd2e8f3cb0ce9d4ba6dba6333b8fa05bb8a4939c908cd43322d14c7e"
            ],
            "index": "pypi",
            "markers": "python_version >= '3.11'",
            "version": "==2.4.4"
        },
        "opencv-python-headless": {
            "hashes": [
                "sha256:0525a3d2c0b46c611e2130b5fdebc94cf404845d8fa64d2f3a3b679572a5bd22",
                "sha256:0bd48544f77c68b2941392fcdf9bcd2b9cdf00e98cb8c29b2455d194763cf99e",
                "sha256:1a7d040ac656c11b8c38677cc8cccdc149f98535089dbe5b081e80a4e5903209",
                "sha256:3e0a6f0a37994ec6ce5f59e936be21d5d6384a4556f2d2da9c2f9c5dc948394c",
                "sha256:5c8cfc8e87ed452b5cecb9419473ee5560a989859fe1d10d1ce11ae87b09a2cb",
                "sha256:77a82fe35ddcec0f62c15f2ba8a12ecc2ed4207c17b0902c7a3151ae29f37fb6",
                "sha256:a7cf08e5b191f4ebb530791acc0825a7986e0d0dee2a3c491184bd8599848a4b",
                "sha256:eb60e36b237b1ebd40a912da5384b348df8ed534f6f644d8e0b4f103e272ba7d"
            ],
            "index": "pypi",
            "markers": "python_version >= '3.6'",
            "version": "==4.13.0.92"
        },
        "packaging": {
            "hashes": [
                "sha256:94edc256424af38762eb31306eed28beb9f0efc50a8837492c9d6fd6004aed79",
                "sha256:d7193f7c8e4e93f444fde0262bf90af30e16fa0ad0ad44cb553c87339b23cd1c"
            ],
            "markers": "python_version >= '3.9'",
            "version": "==26.3"
        },
        "pillow": {
            "hashes": [
                "sha256:02f84dfad02693676692746df05b89cf25597560db2857363a208e393429f5e9",
                "sha256:0330d233c1a0ead844fc097a7d16c0abff4c12e856c0b325f231820fee1f39da",
                "sha256:03edcc34d688572014ff223c125a3f77fb08091e4607e7745002fc214070b35f",
                "sha256:097690ba1f2efdeb165a20469d59d8bb03c55fb6621eb2041a060ae8ea3e9642",
                "sha256:178aa072084bd88ec759052feca8e56cbb14a60b39322b99a049e58090479713",
                "sha256:18e5bddd742a44b7e6b1e773ab5db102bd7a94c32555ba656e76d319d19c3850",
                "sha256:1a9b0ee305220b392e1124a764ee4265bd063e54a751a6b62eff69992f457fa9",
                "sha256:1f1625b72740fdda5d77b4def688eb8fd6490975d06b909fd19f13f391e077e0",
                "sha256:1f1be78ce9466a7ee64bfda57bdba0f7cc499d9794d518b854816c41bf0aa4e9",
                "sha256:1f90cff8aa76835cba5769f0b3121a22bd4eb9e6884cfe338216e557a9a548b8",
                "sha256:21329ec8c96c6e979cd0dfd29406c40c1d52521a90544463057d2aaa937d66a6",
                "sha256:2815a87ab27848db0321fb78c7f0b2c8649dee134b7f2b80c6a45c6831d75ccd",
                "sha256:2c1fc0f2ca5f96a3c8407e41cca26a16e46b21060fe6d5b099d2cb01412222f5",
                "sha256:2e0c664be47252947d870ac0d327fea7e63985a08794758aa8af5b6cb6ec0c9c",
                "sha256:339ffdcb7cbeaa08221cd401d517d4b1fe7a9ed5d400e4a8039719238620ca35",
                "sha256:344cf1e3dab3be4b1fa08e449323d98a2a3f819ad20f4b22e77a0ede31f0faa1",
                "sha256:36341d06738a9f66c8287cf8b876d24b18db9bd8740fa0672c74e259ad408cff",
                "sha256:365b10bb9417dd4498c0e3b128018c4a624dc11c7b97d8cc54effe3b096f4c38",
                "sha256:3a5cbdcddad0af3da87cb16b60d23648bc3b51967eb07223e9fed77a82b457c4",
                "sha256:417423db963cb4be8bac3fc1204fe61610f6abeed1580a7a2cbb2fbda20f12af",
                "sha256:42fc1f4677106188ad9a55562bbade416f8b55456f522430fadab3cef7cd4e60",
                "sha256:44ce27545b6efcf0fdbdceb31c9a5bdea9333e664cda58a7e674bb74608b3986",
                "sha256:472a8d7ded663e6162dafdf20015c486a7009483ca671cece7a9279b512fcb13",
                "sha256:47b94983da0c642de92ced1702c5b6c292a84bd3a8e1d1702ff923f183594717",
                "sha256:495c302af3aad1ca67420ddd5c7bd480c8867ad173528767d906428057a11f0e",
                "sha256:4ceb838d4bd9dab43e06c363cab2eebf63846d6a4aeaea283bbdfd8f1a8ed58b",
                "sha256:50480dcd74fa63b8e78235957d302d98d98d82ccbfac4c7e12108ba9ecbdba15",
                "sha256:518a48c2aab7ce596d3bf79d0e275661b846e86e4d0e7dec34712c30fe07f02a",
                "sha256:559b38da23606e68681337ad74622c4dbba02254fc9cb4488a305dd5975c7eeb",
                "sha256:578510d88c6229d735855e1f278aa305270438d36a05031dfaae5067cc8eb04d",
                "sha256:597bd9c8419bc7c6af5604e55847789b69123bbe25d65cc6ad3012b4f3c98d8b",
                "sha256:5a8eb7ed8d4198bccbd07058416eeec51686b498e784eda166395a23eb99138e",
                "sha256:5c0dd1636633e7e6a0afe7bf6a51a14992b7f8e60de5789018ebbdfae55b040a",
                "sha256:5cb1785d97b0c3d1d1a16bc1d710c4a0049daefc4935f3a8f31f827f4d3d2e7f",
                "sha256:5d1f9575a12bed9e9eedd9a4972834b08c97a352bd17955ccdebfeca5913fa0a",
                "sha256:5d8c41325b382c07799a3682c1c258469ea2ff97103c53717b7893862d0c98ce",
                "sha256:5dae5f21afb91322f2ff791895ddd8889e5e947ff59f71b46041c8ce6db790bc",
                "sha256:600fd103672b925fe62ed08e0d874ea34d692474df6f4bf7ebe148b30f89f39f",
                "sha256:6408a7b064595afcab0a49393a413732a35788f2a5092fdc6266952ed67de586",
                "sha256:652a2c9ccfb556235b2b501a3a7cf3742148cd22e04b5625c5fe057ea3e3191f",
                "sha256:665e1b916b043cef294bc54d47bf02d87e13f769bc4bc5fa225a24b3a6c5aca9",
                "sha256:691ab2ac363b8217f7d31b3497108fb1f50faab2f75dfb03284ec2f217e87bf8",
                "sha256:6c52f062424c523d6c4db85518774cc3d50f5539dd6eed32b8f6229b26f24d40",
                "sha256:6c6db3b84c87d48d0088943bf33440e0c42370b99b1c2a7989216f7b42eede60",
                "sha256:7311c0a0dcadb89b36b7025dfd8326ecfa36964e29913074d47382706e516a7c",
                "sha256:7aac39bcf8d4770d089588a2e1dd111cbaa42df5a94be3114222057d68336bd0",
                "sha256:7b03048319bfc6170e93bd60728a1af51d3dd7704935feb228c4d4faab35d334",
                "sha256:7e7976bf1910a8116b523b9f9f58bf410f3e8aa330cd9a2bb2953f9266ab49af",
                "sha256:8089c852a56c2966cf18835db62d9b34fef7ba74c726ad943928d494fa7f4735",
                "sha256:86172b0831b82ce4f7877f280055892b31179e1576aa00d0df3bb1bbf8c3e524",
                "sha256:89b54027a766529136a06cfebeecb3a04900397a3590fd252160b888479517bf",
                "sha256:89c7e895002bbe49cdc5426150377cbbc04767d7547ed145473f496dfa40408b",
                "sha256:8b7e5304e34942bf62e15184219a7b5ad4ff7f3bb5cca4d984f37df1a0e1aee2",
                "sha256:8fd420ef0c52c88b5a035a0886f367748c72147b2b8f384c9d12656678dfdfa9",
                "sha256:98edb152429ab62a1818039744d8fbb3ccab98a7c29fc3d5fcef158f3f1f68b7",
                "sha256:99c1506ea77c11531d75e3a412832a13a71c7ebc8192ab9e4b2e355555920e3e",
                "sha256:9ad8fa5937ab05218e2b6a4cff30295ad35afd2f83ac592e68c0d871bb0fdbc4",
                "sha256:9f51079765661884a486727f0729d29054242f74b46186026582b4e4769918e4",
                "sha256:a003d7422449f6d1e3a34e3dd4110c22148336918ddbfc6a32581cd54b2e0b2b",
                "sha256:a0b1cd6232e2b618adcc54d9882e4e662a089d5768cd188f7c245b4c8c44a397",
                "sha256:a285e3eb7a5a45a2ff504e31f4a8d1b12ef62e84e5411c6804a42197c1cf586c",
                "sha256:a37691702ed687799de29a518d63d4682d9016932db66d4e90c345831b02fb4e",
                "sha256:a550ae29b95c6dc13cf69e2c9dc5747f814c54eeb2e32d683e5e93af56caa029",
                "sha256:ab174cd7d29a62dd139c44bf74b698039328f45cb03b4596c43473a46656b2f3",
                "sha256:ab323b787d6e18b3d91a72fc99b1a2c28651e4358749842b8f8dfacd28ef2052",
                "sha256:adebb5bee0f0af4909c30db0d890c773d1a92ffe83da908e2e9e720f8edf3984",
                "sha256:aee2810642b2898bb187ced9b349e95d2a7272930796e022efaf12e99dccd293",
                "sha256:af9a332e572978f0218686636610555ae3defd1633597be015ed50289a03c523",
                "sha256:b574c51cf7d5d62e9be37ba446224b59a2da26dc4c1bb2ecbe936a4fb1a7cb7f",
                "sha256:b66e95d05ba806247aaa1561f080abc7975daf715c30780ff92a20e4ec546e1b",
                "sha256:b81b5e3511211631b3f672a595e3221252c90af017e399056d0faabb9538aa80",
                "sha256:b957b71c6b2387610f556a7eb0828afbe40b4a98036fc0d2acfa5a44a0c2036f",
                "sha256:bb66b7cc26f50977108790e2456b7921e773f23db5630261102233eb355a3b79",
                "sha256:c6008de247150668a705a6338156efb92334113421ceecf7438a12c9a12dab23",
                "sha256:c7697918b5be27424e9ce568193efd13d925c4481dd364e43f5dff72d33e10f8",
                "sha256:cb9bb857b2d057c6dfc72ac5f3b44836924ba15721882ef103cecb40d002d80e",
                "sha256:cc7d296b5ea4d29e6570dabeaed58d31c3fea35a633a69679fb03d7664f43fb3",
                "sha256:d242e8ac078781f1de88bf823d70c1a9b3c7950a44cdf4b7c012e22ccbcd8e4e",
                "sha256:d2912fd8114fc5545aa3a4b5576512f64c55a03f3ebcca4c10194d593d43ea36",
                "sha256:d470ab1178551dd17fdba0fef463359c41aaa613cdcd7ff8373f54be629f9f8f",
                "sha256:d4ce8e329c93845720cd2014659ca67eac35f6433fd3050393d85f3ecef0dad5",
                "sha256:d6e4571eedf43af33d0fc233a382a76e849badbccdf1ac438841308652a08e1f",
                "sha256:e65498daf4b583091ccbb2556c7000abf0f3349fcd57ef7adc9a84a394ed29f6",
                "sha256:e879bb6cd5c73848ef3b2b48b8af9ff08c5b71ecda8048b7dd22d8a33f60be32",
                "sha256:e9e8064fb1cc019296958595f6db671fba95209e3ceb0c4734c9baf97de04b20",
                "sha256:f7ed2c6543bad5a7d5530eb9e78c53132f93dfa44a28492db88b41cdab885202",
                "sha256:f95c00d5d6700b2b890479664a06e754974848afaae5e21beb4d83c106923fd0",
                "sha256:f975aa7ef9684ce7e2c18a3aa8f8e2106ce1e46b94ab713d156b2898811651d3",
                "sha256:fbfa2a7c10cc2623f412753cddf391c7f971c52ca40a3f65dc5039b2939e8563",
                "sha256:fc354a04072b765eccf2204f588a7a532c9511e8b9c7f900e1b64e3e33487090",
                "sha256:fc44ef1f3de4f45b50ccf9136999d71abb99dca7706bc75d222ed350b9fd2289"
            ],
            "index": "pypi",
            "markers": "python_version >= '3.10'",
            "version": "==12.1.1"
        },
        "pyodbc": {
            "hashes": [
                "sha256:01166162149adf2b8a6dc21a212718f205cabbbdff4047dc0c415af3fd85867e",
                "sha256:0263323fc47082c2bf02562f44149446bbbfe91450d271e44bffec0c3143bfb1",
                "sha256:08b2439500e212625471d32f8fde418075a5ddec556e095e5a4ba56d61df2dc6",
                "sha256:0df7ff47fab91ea05548095b00e5eb87ed88ddf4648c58c67b4db95ea4913e23",
                "sha256:101313a21d2654df856a60e4a13763e4d9f6c5d3fd974bcf3fc6b4e86d1bbe8e",
                "sha256:13656184faa3f2d5c6f19b701b8f247342ed581484f58bf39af7315c054e69db",
                "sha256:1629af4706e9228d79dabb4863c11cceb22a6dab90700db0ef449074f0150c0d",
                "sha256:197bb6ddafe356a916b8ee1b8752009057fce58e216e887e2174b24c7ab99269",
                "sha256:2035c7dfb71677cd5be64d3a3eb0779560279f0a8dc6e33673499498caa88937",
                "sha256:25b6766e56748eb1fc1d567d863e06cbb7b7c749a41dfed85db0031e696fa39a",
                "sha256:25c4cfb2c08e77bc6e82f666d7acd52f0e52a0401b1876e60f03c73c3b8aedc0",
                "sha256:2eb7151ed0a1959cae65b6ac0454f5c8bbcd2d8bafeae66483c09d58b0c7a7fc",
                "sha256:2fe0e063d8fb66efd0ac6dc39236c4de1a45f17c33eaded0d553d21c199f4d05",
                "sha256:349a9abae62a968b98f6bbd23d2825151f8d9de50b3a8f5f3271b48958fdb672",
                "sha256:363311bd40320b4a61454bebf7c38b243cd67c762ed0f8a5219de3ec90c96353",
                "sha256:3cc472c8ae2feea5b4512e23b56e2b093d64f7cbc4b970af51da488429ff7818",
                "sha256:3f1bdb3ce6480a17afaaef4b5242b356d4997a872f39e96f015cabef00613797",
                "sha256:452e7911a35ee12a56b111ac5b596d6ed865b83fcde8427127913df53132759e",
                "sha256:46185a1a7f409761716c71de7b95e7bbb004390c650d00b0b170193e3d6224bb",
                "sha256:46869b9a6555ff003ed1d8ebad6708423adf2a5c88e1a578b9f029fb1435186e",
                "sha256:58635a1cc859d5af3f878c85910e5d7228fe5c406d4571bffcdd281375a54b39",
                "sha256:5cbe4d753723c8a8f65020b7a259183ef5f14307587165ce37e8c7e251951852",
                "sha256:5ceaed87ba2ea848c11223f66f629ef121f6ebe621f605cde9cfdee4fd9f4b68",
                "sha256:5dd3d5e469f89a3112cf8b0658c43108a4712fad65e576071e4dd44d2bd763c7",
                "sha256:5ebf6b5d989395efe722b02b010cb9815698a4d681921bf5db1c0e1195ac1bde",
                "sha256:6132554ffbd7910524d643f13ce17f4a72f3a6824b0adef4e9a7f66efac96350",
                "sha256:6682cdec78f1302d0c559422c8e00991668e039ed63dece8bf99ef62173376a5",
                "sha256:676031723aac7dcbbd2813bddda0e8abf171b20ec218ab8dfb21d64a193430ea",
                "sha256:705903acf6f43c44fc64e764578d9a88649eb21bf7418d78677a9d2e337f56f2",
                "sha256:729c535341bb09c476f219d6f7ab194bcb683c4a0a368010f1cb821a35136f05",
                "sha256:74528fe148980d0c735c0ebb4a4dc74643ac4574337c43c1006ac4d09593f92d",
                "sha256:754d052030d00c3ac38da09ceb9f3e240e8dd1c11da8906f482d5419c65b9ef5",
                "sha256:7713c740a10f33df3cb08f49a023b7e1e25de0c7c99650876bbe717bc95ee780",
                "sha256:7e9ab0b91de28a5ab838ac4db0253d7cc8ce2452efe4ad92ee6a57b922bf0c24",
                "sha256:8339d3094858893c1a68ee1af93efc4dff18b8b65de54d99104b99af6306320d",
                "sha256:8aa396c6d6af52ccd51b8c8a5bffbb46fd44e52ce07ea4272c1d28e5e5b12722",
                "sha256:9b987a25a384f31e373903005554230f5a6d59af78bce62954386736a902a4b3",
                "sha256:9cd3f0a9796b3e1170a9fa168c7e7ca81879142f30e20f46663b882db139b7d2",
                "sha256:a48d731432abaee5256ed6a19a3e1528b8881f9cb25cb9cf72d8318146ea991b",
                "sha256:ac23feb7ddaa729f6b840639e92f83ff0ccaa7072801d944f1332cd5f5b05f47",
                "sha256:af4d8c9842fc4a6360c31c35508d6594d5a3b39922f61b282c2b4c9d9da99514",
                "sha256:afe7c4ac555a8d10a36234788fc6cfc22a86ce37fc5ba88a1f75b3e6696665dc",
                "sha256:b180bc5e49b74fd40a24ef5b0fe143d0c234ac1506febe810d7434bf47cb925b",
                "sha256:b35b9983ad300e5aea82b8d1661fc9d3afe5868de527ee6bd252dd550e61ecd6",
                "sha256:bc834567c2990584b9726cba365834d039380c9dbbcef3030ddeb00c6541b943",
                "sha256:bfeb3e34795d53b7d37e66dd54891d4f9c13a3889a8f5fe9640e56a82d770955",
                "sha256:c25dc9c41f61573bdcf61a3408c34b65e4c0f821b8f861ca7531b1353b389804",
                "sha256:c2eb0b08e24fe5c40c7ebe9240c5d3bd2f18cd5617229acee4b0a0484dc226f2",
                "sha256:c5c30c5cd40b751f77bbc73edd32c4498630939bcd4e72ee7e6c9a4b982cc5ca",
                "sha256:c67e7f2ce649155ea89beb54d3b42d83770488f025cf3b6f39ca82e9c598a02e",
                "sha256:c68d9c225a97aedafb7fff1c0e1bfe293093f77da19eaf200d0e988fa2718d16",
                "sha256:c6ccb5315ec9e081f5cbd66f36acbc820ad172b8fa3736cf7f993cdf69bd8a96",
                "sha256:c79df54bbc25bce9f2d87094e7b39089c28428df5443d1902b0cc5f43fd2da6f",
                "sha256:cf18797a12e70474e1b7f5027deeeccea816372497e3ff2d46b15bec2d18a0cc",
                "sha256:d255f6b117d05cfc046a5201fdf39535264045352ea536c35777cf66d321fbb8",
                "sha256:d32c3259762bef440707098010035bbc83d1c73d81a434018ab8c688158bd3bb",
                "sha256:d89a7f2e24227150c13be8164774b7e1f9678321a4248f1356a465b9cc17d31e",
                "sha256:e3c39de3005fff3ae79246f952720d44affc6756b4b85398da4c5ea76bf8f506",
                "sha256:e981db84fee4cebec67f41bd266e1e7926665f1b99c3f8f4ea73cd7f7666e381",
                "sha256:ebc3be93f61ea0553db88589e683ace12bf975baa954af4834ab89f5ee7bf8ae",
                "sha256:f1ad0e93612a6201621853fc661209d82ff2a35892b7d590106fe8f97d9f1f2a",
                "sha256:f927b440c38ade1668f0da64047ffd20ec34e32d817f9a60d07553301324b364",
                "sha256:fc5ac4f2165f7088e74ecec5413b5c304247949f9702c8853b0e43023b4187e8",
                "sha256:fe77eb9dcca5fc1300c9121f81040cc9011d28cff383e2c35416e9ec06d4bc95"
            ],
            "index": "pypi",
            "markers": "python_version >= '3.9'",
            "version": "==5.3.0"
        },
        "pytesseract": {
            "hashes": [
                "sha256:4bf5f880c99406f52a3cfc2633e42d9dc67615e69d8a509d74867d3baddb5db9",
                "sha256:7a99c6c2ac598360693d83a416e36e0b33a67638bb9d77fdcac094a3589d4b34"
            ],
            "index": "pypi",
            "markers": "python_version >= '3.8'",
            "version": "==0.3.13"
        },
        "python-decouple": {
            "hashes": [
                "sha256:ba6e2657d4f376ecc46f77a3a615e058d93ba5e465c01bbe57289bfb7cce680f",
                "sha256:d0d45340815b25f4de59c974b855bb38d03151d81b037d9e3f463b0c9f8cbd66"
            ],
            "index": "pypi",
            "version": "==3.8"
        },
        "pytz": {
            "hashes": [
                "sha256:2211d3fcf9a797d3405cac96ac7f61d80e6a644f72a3309607282fe8a2010c5d",
                "sha256:dd95840dd199baea12d9cc096a1d452caa6596a1c1e4b5f3dbd1541855d5e815"
            ],
            "version": "==2026.3.post1"
        },
        "sqlparse": {
            "hashes": [
                "sha256:113c35c75365ab9cc9c7231d68c6428fb11c085fc8e9eb1ad659b7ddbf6cd2b9",
                "sha256:b861c0288ce2fa56209a9a6412d2e066ac664b3873b89c26c9d8415e8e32996f"
            ],
            "markers": "python_version >= '3.10'",
            "version": "==0.6.0"
        }
    },
    "develop": {}
}
